// !$*UTF8*$!
{
	archiveVersion = 1;
	classes = {
	};
	objectVersion = 50;
	objects = {

/* Begin PBXBuildFile section */
		BD1D5E6E26F3303A0095C0EF /* spinnerApp.swift in Sources */ = {isa = PBXBuildFile; fileRef = BD1D5E6D26F3303A0095C0EF /* spinnerApp.swift */; };
		BD1D5E7026F3303A0095C0EF /* ContentView.swift in Sources */ = {isa = PBXBuildFile; fileRef = BD1D5E6F26F3303A0095C0EF /* ContentView.swift */; };
		BD1D5E7226F3303C0095C0EF /* Assets.xcassets in Resources */ = {isa = PBXBuildFile; fileRef = BD1D5E7126F3303C0095C0EF /* Assets.xcassets */; };
		BD1D5E7526F3303C0095C0EF /* Preview Assets.xcassets in Resources */ = {isa = PBXBuildFile; fileRef = BD1D5E7426F3303C0095C0EF /* Preview Assets.xcassets */; };
		BD1D5E8026F3303C0095C0EF /* spinnerTests.swift in Sources */ = {isa = PBXBuildFile; fileRef = BD1D5E7F26F3303C0095C0EF /* spinnerTests.swift */; };
		BD1D5E8B26F3303C0095C0EF /* spinnerUITests.swift in Sources */ = {isa = PBXBuildFile; fileRef = BD1D5E8A26F3303C0095C0EF /* spinnerUITests.swift */; };
/* End PBXBuildFile section */

/* Begin PBXContainerItemProxy section */
		BD1D5E7C26F3303C0095C0EF /* PBXContainerItemProxy */ = {
			isa = PBXContainerItemProxy;
			containerPortal = BD1D5E6226F330390095C0EF /* Project object */;
			proxyType = 1;
			remoteGlobalIDString = BD1D5E6926F3303A0095C0EF;
			remoteInfo = spinner;
		};
		BD1D5E8726F3303C0095C0EF /* PBXContainerItemProxy */ = {
			isa = PBXContainerItemProxy;
			containerPortal = BD1D5E6226F330390095C0EF /* Project object */;
			proxyType = 1;
			remoteGlobalIDString = BD1D5E6926F3303A0095C0EF;
			remoteInfo = spinner;
		};
/* End PBXContainerItemProxy section */

/* Begin PBXFileReference section */
		BD1D5E6A26F3303A0095C0EF /* spinner.app */ = {isa = PBXFileReference; explicitFileType = wrapper.application; includeInIndex = 0; path = spinner.app; sourceTree = BUILT_PRODUCTS_DIR; };
		BD1D5E6D26F3303A0095C0EF /* spinnerApp.swift */ = {isa = PBXFileReference; lastKnownFileType = sourcecode.swift; path = spinnerApp.swift; sourceTree = "<group>"; };
		BD1D5E6F26F3303A0095C0EF /* ContentView.swift */ = {isa = PBXFileReference; lastKnownFileType = sourcecode.swift; path = ContentView.swift; sourceTree = "<group>"; };
		BD1D5E7126F3303C0095C0EF /* Assets.xcassets */ = {isa = PBXFileReference; lastKnownFileType = folder.assetcatalog; path = Assets.xcassets; sourceTree = "<group>"; };
		BD1D5E7426F3303C0095C0EF /* Preview Assets.xcassets */ = {isa = PBXFileReference; lastKnownFileType = folder.assetcatalog; path = "Preview Assets.xcassets"; sourceTree = "<group>"; };
		BD1D5E7626F3303C0095C0EF /* Info.plist */ = {isa = PBXFileReference; lastKnownFileType = text.plist.xml; path = Info.plist; sourceTree = "<group>"; };
		BD1D5E7B26F3303C0095C0EF /* spinnerTests.xctest */ = {isa = PBXFileReference; explicitFileType = wrapper.cfbundle; includeInIndex = 0; path = spinnerTests.xctest; sourceTree = BUILT_PRODUCTS_DIR; };
		BD1D5E7F26F3303C0095C0EF /* spinnerTests.swift */ = {isa = PBXFileReference; lastKnownFileType = sourcecode.swift; path = spinnerTests.swift; sourceTree = "<group>"; };
		BD1D5E8126F3303C0095C0EF /* Info.plist */ = {isa = PBXFileReference; lastKnownFileType = text.plist.xml; path = Info.plist; sourceTree = "<group>"; };
		BD1D5E8626F3303C0095C0EF /* spinnerUITests.xctest */ = {isa = PBXFileReference; explicitFileType = wrapper.cfbundle; includeInIndex = 0; path = spinnerUITests.xctest; sourceTree = BUILT_PRODUCTS_DIR; };
		BD1D5E8A26F3303C0095C0EF /* spinnerUITests.swift */ = {isa = PBXFileReference; lastKnownFileType = sourcecode.swift; path = spinnerUITests.swift; sourceTree = "<group>"; };
		BD1D5E8C26F3303C0095C0EF /* Info.plist */ = {isa = PBXFileReference; lastKnownFileType = text.plist.xml; path = Info.plist; sourceTree = "<group>"; };
/* End PBXFileReference section */

/* Begin PBXFrameworksBuildPhase section */
		BD1D5E6726F3303A0095C0EF /* Frameworks */ = {
			isa = PBXFrameworksBuildPhase;
			buildActionMask = 2147483647;
			files = (
			);
			runOnlyForDeploymentPostprocessing = 0;
		};
		BD1D5E7826F3303C0095C0EF /* Frameworks */ = {
			isa = PBXFrameworksBuildPhase;
			buildActionMask = 2147483647;
			files = (
			);
			runOnlyForDeploymentPostprocessing = 0;
		};
		BD1D5E8326F3303C0095C0EF /* Frameworks */ = {
			isa = PBXFrameworksBuildPhase;
			buildActionMask = 2147483647;
			files = (
			);
			runOnlyForDeploymentPostprocessing = 0;
		};
/* End PBXFrameworksBuildPhase section */

/* Begin PBXGroup section */
		BD1D5E6126F330390095C0EF = {
			isa = PBXGroup;
			children = (
				BD1D5E6C26F3303A0095C0EF /* spinner */,
				BD1D5E7E26F3303C0095C0EF /* spinnerTests */,
				BD1D5E8926F3303C0095C0EF /* spinnerUITests */,
				BD1D5E6B26F3303A0095C0EF /* Products */,
			);
			sourceTree = "<group>";
		};
		BD1D5E6B26F3303A0095C0EF /* Products */ = {
			isa = PBXGroup;
			children = (
				BD1D5E6A26F3303A0095C0EF /* spinner.app */,
				BD1D5E7B26F3303C0095C0EF /* spinnerTests.xctest */,
				BD1D5E8626F3303C0095C0EF /* spinnerUITests.xctest */,
			);
			name = Products;
			sourceTree = "<group>";
		};
		BD1D5E6C26F3303A0095C0EF /* spinner */ = {
			isa = PBXGroup;
			children = (
				BD1D5E6D26F3303A0095C0EF /* spinnerApp.swift */,
				BD1D5E6F26F3303A0095C0EF /* ContentView.swift */,
				BD1D5E7126F3303C0095C0EF /* Assets.xcassets */,
				BD1D5E7626F3303C0095C0EF /* Info.plist */,
				BD1D5E7326F3303C0095C0EF /* Preview Content */,
			);
			path = spinner;
			sourceTree = "<group>";
		};
		BD1D5E7326F3303C0095C0EF /* Preview Content */ = {
			isa = PBXGroup;
			children = (
				BD1D5E7426F3303C0095C0EF /* Preview Assets.xcassets */,
			);
			path = "Preview Content";
			sourceTree = "<group>";
		};
		BD1D5E7E26F3303C0095C0EF /* spinnerTests */ = {
			isa = PBXGroup;
			children = (
				BD1D5E7F26F3303C0095C0EF /* spinnerTests.swift */,
				BD1D5E8126F3303C0095C0EF /* Info.plist */,
			);
			path = spinnerTests;
			sourceTree = "<group>";
		};
		BD1D5E8926F3303C0095C0EF /* spinnerUITests */ = {
			isa = PBXGroup;
			children = (
				BD1D5E8A26F3303C0095C0EF /* spinnerUITests.swift */,
				BD1D5E8C26F3303C0095C0EF /* Info.plist */,
			);
			path = spinnerUITests;
			sourceTree = "<group>";
		};
/* End PBXGroup section */

/* Begin PBXNativeTarget section */
		BD1D5E6926F3303A0095C0EF /* spinner */ = {
			isa = PBXNativeTarget;
			buildConfigurationList = BD1D5E8F26F3303C0095C0EF /* Build configuration list for PBXNativeTarget "spinner" */;
			buildPhases = (
				BD1D5E6626F3303A0095C0EF /* Sources */,
				BD1D5E6726F3303A0095C0EF /* Frameworks */,
				BD1D5E6826F3303A0095C0EF /* Resources */,
			);
			buildRules = (
			);
			dependencies = (
			);
			name = spinner;
			productName = spinner;
			productReference = BD1D5E6A26F3303A0095C0EF /* spinner.app */;
			productType = "com.apple.product-type.application";
		};
		BD1D5E7A26F3303C0095C0EF /* spinnerTests */ = {
			isa = PBXNativeTarget;
			buildConfigurationList = BD1D5E9226F3303C0095C0EF /* Build configuration list for PBXNativeTarget "spinnerTests" */;
			buildPhases = (
				BD1D5E7726F3303C0095C0EF /* Sources */,
				BD1D5E7826F3303C0095C0EF /* Frameworks */,
				BD1D5E7926F3303C0095C0EF /* Resources */,
			);
			buildRules = (
			);
			dependencies = (
				BD1D5E7D26F3303C0095C0EF /* PBXTargetDependency */,
			);
			name = spinnerTests;
			productName = spinnerTests;
			productReference = BD1D5E7B26F3303C0095C0EF /* spinnerTests.xctest */;
			productType = "com.apple.product-type.bundle.unit-test";
		};
		BD1D5E8526F3303C0095C0EF /* spinnerUITests */ = {
			isa = PBXNativeTarget;
			buildConfigurationList = BD1D5E9526F3303C0095C0EF /* Build configuration list for PBXNativeTarget "spinnerUITests" */;
			buildPhases = (
				BD1D5E8226F3303C0095C0EF /* Sources */,
				BD1D5E8326F3303C0095C0EF /* Frameworks */,
				BD1D5E8426F3303C0095C0EF /* Resources */,
			);
			buildRules = (
			);
			dependencies = (
				BD1D5E8826F3303C0095C0EF /* PBXTargetDependency */,
			);
			name = spinnerUITests;
			productName = spinnerUITests;
			productReference = BD1D5E8626F3303C0095C0EF /* spinnerUITests.xctest */;
			productType = "com.apple.product-type.bundle.ui-testing";
		};
/* End PBXNativeTarget section */

/* Begin PBXProject section */
		BD1D5E6226F330390095C0EF /* Project object */ = {
			isa = PBXProject;
			attributes = {
				LastSwiftUpdateCheck = 1250;
				LastUpgradeCheck = 1250;
				TargetAttributes = {
					BD1D5E6926F3303A0095C0EF = {
						CreatedOnToolsVersion = 12.5.1;
					};
					BD1D5E7A26F3303C0095C0EF = {
						CreatedOnToolsVersion = 12.5.1;
						TestTargetID = BD1D5E6926F3303A0095C0EF;
					};
					BD1D5E8526F3303C0095C0EF = {
						CreatedOnToolsVersion = 12.5.1;
						TestTargetID = BD1D5E6926F3303A0095C0EF;
					};
				};
			};
			buildConfigurationList = BD1D5E6526F330390095C0EF /* Build configuration list for PBXProject "spinner" */;
			compatibilityVersion = "Xcode 9.3";
			developmentRegion = en;
			hasScannedForEncodings = 0;
			knownRegions = (
				en,
				Base,
			);
			mainGroup = BD1D5E6126F330390095C0EF;
			productRefGroup = BD1D5E6B26F3303A0095C0EF /* Products */;
			projectDirPath = "";
			projectRoot = "";
			targets = (
				BD1D5E6926F3303A0095C0EF /* spinner */,
				BD1D5E7A26F3303C0095C0EF /* spinnerTests */,
				BD1D5E8526F3303C0095C0EF /* spinnerUITests */,
			);
		};
/* End PBXProject section */

/* Begin PBXResourcesBuildPhase section */
		BD1D5E6826F3303A0095C0EF /* Resources */ = {
			isa = PBXResourcesBuildPhase;
			buildActionMask = 2147483647;
			files = (
				BD1D5E7526F3303C0095C0EF /* Preview Assets.xcassets in Resources */,
				BD1D5E7226F3303C0095C0EF /* Assets.xcassets in Resources */,
			);
			runOnlyForDeploymentPostprocessing = 0;
		};
		BD1D5E7926F3303C0095C0EF /* Resources */ = {
			isa = PBXResourcesBuildPhase;
			buildActionMask = 2147483647;
			files = (
			);
			runOnlyForDeploymentPostprocessing = 0;
		};
		BD1D5E8426F3303C0095C0EF /* Resources */ = {
			isa = PBXResourcesBuildPhase;
			buildActionMask = 2147483647;
			files = (
			);
			runOnlyForDeploymentPostprocessing = 0;
		};
/* End PBXResourcesBuildPhase section */

/* Begin PBXSourcesBuildPhase section */
		BD1D5E6626F3303A0095C0EF /* Sources */ = {
			isa = PBXSourcesBuildPhase;
			buildActionMask = 2147483647;
			files = (
				BD1D5E7026F3303A0095C0EF /* ContentView.swift in Sources */,
				BD1D5E6E26F3303A0095C0EF /* spinnerApp.swift in Sources */,
			);
			runOnlyForDeploymentPostprocessing = 0;
		};
		BD1D5E7726F3303C0095C0EF /* Sources */ = {
			isa = PBXSourcesBuildPhase;
			buildActionMask = 2147483647;
			files = (
				BD1D5E8026F3303C0095C0EF /* spinnerTests.swift in Sources */,
			);
			runOnlyForDeploymentPostprocessing = 0;
		};
		BD1D5E8226F3303C0095C0EF /* Sources */ = {
			isa = PBXSourcesBuildPhase;
			buildActionMask = 2147483647;
			files = (
				BD1D5E8B26F3303C0095C0EF /* spinnerUITests.swift in Sources */,
			);
			runOnlyForDeploymentPostprocessing = 0;
		};
/* End PBXSourcesBuildPhase section */

/* Begin PBXTargetDependency section */
		BD1D5E7D26F3303C0095C0EF /* PBXTargetDependency */ = {
			isa = PBXTargetDependency;
			target = BD1D5E6926F3303A0095C0EF /* spinner */;
			targetProxy = BD1D5E7C26F3303C0095C0EF /* PBXContainerItemProxy */;
		};
		BD1D5E8826F3303C0095C0EF /* PBXTargetDependency */ = {
			isa = PBXTargetDependency;
			target = BD1D5E6926F3303A0095C0EF /* spinner */;
			targetProxy = BD1D5E8726F3303C0095C0EF /* PBXContainerItemProxy */;
		};
/* End PBXTargetDependency section */

/* Begin XCBuildConfiguration section */
		BD1D5E8D26F3303C0095C0EF /* Debug */ = {
			isa = XCBuildConfiguration;
			buildSettings = {
				ALWAYS_SEARCH_USER_PATHS = NO;
				CLANG_ANALYZER_NONNULL = YES;
				CLANG_ANALYZER_NUMBER_OBJECT_CONVERSION = YES_AGGRESSIVE;
				CLANG_CXX_LANGUAGE_STANDARD = "gnu++14";
				CLANG_CXX_LIBRARY = "libc++";
				CLANG_ENABLE_MODULES = YES;
				CLANG_ENABLE_OBJC_ARC = YES;
				CLANG_ENABLE_OBJC_WEAK = YES;
				CLANG_WARN_BLOCK_CAPTURE_AUTORELEASING = YES;
				CLANG_WARN_BOOL_CONVERSION = YES;
				CLANG_WARN_COMMA = YES;
				CLANG_WARN_CONSTANT_CONVERSION = YES;
				CLANG_WARN_DEPRECATED_OBJC_IMPLEMENTATIONS = YES;
				CLANG_WARN_DIRECT_OBJC_ISA_USAGE = YES_ERROR;
				CLANG_WARN_DOCUMENTATION_COMMENTS = YES;
				CLANG_WARN_EMPTY_BODY = YES;
				CLANG_WARN_ENUM_CONVERSION = YES;
				CLANG_WARN_INFINITE_RECURSION = YES;
				CLANG_WARN_INT_CONVERSION = YES;
				CLANG_WARN_NON_LITERAL_NULL_CONVERSION = YES;
				CLANG_WARN_OBJC_IMPLICIT_RETAIN_SELF = YES;
				CLANG_WARN_OBJC_LITERAL_CONVERSION = YES;
				CLANG_WARN_OBJC_ROOT_CLASS = YES_ERROR;
				CLANG_WARN_QUOTED_INCLUDE_IN_FRAMEWORK_HEADER = YES;
				CLANG_WARN_RANGE_LOOP_ANALYSIS = YES;
				CLANG_WARN_STRICT_PROTOTYPES = YES;
				CLANG_WARN_SUSPICIOUS_MOVE = YES;
				CLANG_WARN_UNGUARDED_AVAILABILITY = YES_AGGRESSIVE;
				CLANG_WARN_UNREACHABLE_CODE = YES;
				CLANG_WARN__DUPLICATE_METHOD_MATCH = YES;
				COPY_PHASE_STRIP = NO;
				DEBUG_INFORMATION_FORMAT = dwarf;
				ENABLE_STRICT_OBJC_MSGSEND = YES;
				ENABLE_TESTABILITY = YES;
				GCC_C_LANGUAGE_STANDARD = gnu11;
				GCC_DYNAMIC_NO_PIC = NO;
				GCC_NO_COMMON_BLOCKS = YES;
				GCC_OPTIMIZATION_LEVEL = 0;
				GCC_PREPROCESSOR_DEFINITIONS = (
					"DEBUG=1",
					"$(inherited)",
				);
				GCC_WARN_64_TO_32_BIT_CONVERSION = YES;
				GCC_WARN_ABOUT_RETURN_TYPE = YES_ERROR;
				GCC_WARN_UNDECLARED_SELECTOR = YES;
				GCC_WARN_UNINITIALIZED_AUTOS = YES_AGGRESSIVE;
				GCC_WARN_UNUSED_FUNCTION = YES;
				GCC_WARN_UNUSED_VARIABLE = YES;
				IPHONEOS_DEPLOYMENT_TARGET = 14.5;
				MTL_ENABLE_DEBUG_INFO = INCLUDE_SOURCE;
				MTL_FAST_MATH = YES;
				ONLY_ACTIVE_ARCH = YES;
				SDKROOT = iphoneos;
				SWIFT_ACTIVE_COMPILATION_CONDITIONS = DEBUG;
				SWIFT_OPTIMIZATION_LEVEL = "-Onone";
			};
			name = Debug;
		};
		BD1D5E8E26F3303C0095C0EF /* Release */ = {
			isa = XCBuildConfiguration;
			buildSettings = {
				ALWAYS_SEARCH_USER_PATHS = NO;
				CLANG_ANALYZER_NONNULL = YES;
				CLANG_ANALYZER_NUMBER_OBJECT_CONVERSION = YES_AGGRESSIVE;
				CLANG_CXX_LANGUAGE_STANDARD = "gnu++14";
				CLANG_CXX_LIBRARY = "libc++";
				CLANG_ENABLE_MODULES = YES;
				CLANG_ENABLE_OBJC_ARC = YES;
				CLANG_ENABLE_OBJC_WEAK = YES;
				CLANG_WARN_BLOCK_CAPTURE_AUTORELEASING = YES;
				CLANG_WARN_BOOL_CONVERSION = YES;
				CLANG_WARN_COMMA = YES;
				CLANG_WARN_CONSTANT_CONVERSION = YES;
				CLANG_WARN_DEPRECATED_OBJC_IMPLEMENTATIONS = YES;
				CLANG_WARN_DIRECT_OBJC_ISA_USAGE = YES_ERROR;
				CLANG_WARN_DOCUMENTATION_COMMENTS = YES;
				CLANG_WARN_EMPTY_BODY = YES;
				CLANG_WARN_ENUM_CONVERSION = YES;
				CLANG_WARN_INFINITE_RECURSION = YES;
				CLANG_WARN_INT_CONVERSION = YES;
				CLANG_WARN_NON_LITERAL_NULL_CONVERSION = YES;
				CLANG_WARN_OBJC_IMPLICIT_RETAIN_SELF = YES;
				CLANG_WARN_OBJC_LITERAL_CONVERSION = YES;
				CLANG_WARN_OBJC_ROOT_CLASS = YES_ERROR;
				CLANG_WARN_QUOTED_INCLUDE_IN_FRAMEWORK_HEADER = YES;
				CLANG_WARN_RANGE_LOOP_ANALYSIS = YES;
				CLANG_WARN_STRICT_PROTOTYPES = YES;
				CLANG_WARN_SUSPICIOUS_MOVE = YES;
				CLANG_WARN_UNGUARDED_AVAILABILITY = YES_AGGRESSIVE;
				CLANG_WARN_UNREACHABLE_CODE = YES;
				CLANG_WARN__DUPLICATE_METHOD_MATCH = YES;
				COPY_PHASE_STRIP = NO;
				DEBUG_INFORMATION_FORMAT = "dwarf-with-dsym";
				ENABLE_NS_ASSERTIONS = NO;
				ENABLE_STRICT_OBJC_MSGSEND = YES;
				GCC_C_LANGUAGE_STANDARD = gnu11;
				GCC_NO_COMMON_BLOCKS = YES;
				GCC_WARN_64_TO_32_BIT_CONVERSION = YES;
				GCC_WARN_ABOUT_RETURN_TYPE = YES_ERROR;
				GCC_WARN_UNDECLARED_SELECTOR = YES;
				GCC_WARN_UNINITIALIZED_AUTOS = YES_AGGRESSIVE;
				GCC_WARN_UNUSED_FUNCTION = YES;
				GCC_WARN_UNUSED_VARIABLE = YES;
				IPHONEOS_DEPLOYMENT_TARGET = 14.5;
				MTL_ENABLE_DEBUG_INFO = NO;
				MTL_FAST_MATH = YES;
				SDKROOT = iphoneos;
				SWIFT_COMPILATION_MODE = wholemodule;
				SWIFT_OPTIMIZATION_LEVEL = "-O";
				VALIDATE_PRODUCT = YES;
			};
			name = Release;
		};
		BD1D5E9026F3303C0095C0EF /* Debug */ = {
			isa = XCBuildConfiguration;
			buildSettings = {
				ASSETCATALOG_COMPILER_APPICON_NAME = AppIcon;
				ASSETCATALOG_COMPILER_GLOBAL_ACCENT_COLOR_NAME = AccentColor;
				CODE_SIGN_STYLE = Automatic;
				DEVELOPMENT_ASSET_PATHS = "\"spinner/Preview Content\"";
				ENABLE_PREVIEWS = YES;
				INFOPLIST_FILE = spinner/Info.plist;
				IPHONEOS_DEPLOYMENT_TARGET = 14.0;
				LD_RUNPATH_SEARCH_PATHS = (
					"$(inherited)",
					"@executable_path/Frameworks",
				);
				PRODUCT_BUNDLE_IDENTIFIER = ghislainvachet.spinner;
				PRODUCT_NAME = "$(TARGET_NAME)";
				SWIFT_VERSION = 5.0;
				TARGETED_DEVICE_FAMILY = "1,2";
			};
			name = Debug;
		};
		BD1D5E9126F3303C0095C0EF /* Release */ = {
			isa = XCBuildConfiguration;
			buildSettings = {
				ASSETCATALOG_COMPILER_APPICON_NAME = AppIcon;
				ASSETCATALOG_COMPILER_GLOBAL_ACCENT_COLOR_NAME = AccentColor;
				CODE_SIGN_STYLE = Automatic;
				DEVELOPMENT_ASSET_PATHS = "\"spinner/Preview Content\"";
				ENABLE_PREVIEWS = YES;
				INFOPLIST_FILE = spinner/Info.plist;
				IPHONEOS_DEPLOYMENT_TARGET = 14.0;
				LD_RUNPATH_SEARCH_PATHS = (
					"$(inherited)",
					"@executable_path/Frameworks",
				);
				PRODUCT_BUNDLE_IDENTIFIER = ghislainvachet.spinner;
				PRODUCT_NAME = "$(TARGET_NAME)";
				SWIFT_VERSION = 5.0;
				TARGETED_DEVICE_FAMILY = "1,2";
			};
			name = Release;
		};
		BD1D5E9326F3303C0095C0EF /* Debug */ = {
			isa = XCBuildConfiguration;
			buildSettings = {
				ALWAYS_EMBED_SWIFT_STANDARD_LIBRARIES = YES;
				BUNDLE_LOADER = "$(TEST_HOST)";
				CODE_SIGN_STYLE = Automatic;
				INFOPLIST_FILE = spinnerTests/Info.plist;
				IPHONEOS_DEPLOYMENT_TARGET = 14.0;
				LD_RUNPATH_SEARCH_PATHS = (
					"$(inherited)",
					"@executable_path/Frameworks",
					"@loader_path/Frameworks",
				);
				PRODUCT_BUNDLE_IDENTIFIER = ghislainvachet.spinnerTests;
				PRODUCT_NAME = "$(TARGET_NAME)";
				SWIFT_VERSION = 5.0;
				TARGETED_DEVICE_FAMILY = "1,2";
				TEST_HOST = "$(BUILT_PRODUCTS_DIR)/spinner.app/spinner";
			};
			name = Debug;
		};
		BD1D5E9426F3303C0095C0EF /* Release */ = {
			isa = XCBuildConfiguration;
			buildSettings = {
				ALWAYS_EMBED_SWIFT_STANDARD_LIBRARIES = YES;
				BUNDLE_LOADER = "$(TEST_HOST)";
				CODE_SIGN_STYLE = Automatic;
				INFOPLIST_FILE = spinnerTests/Info.plist;
				IPHONEOS_DEPLOYMENT_TARGET = 14.0;
				LD_RUNPATH_SEARCH_PATHS = (
					"$(inherited)",
					"@executable_path/Frameworks",
					"@loader_path/Frameworks",
				);
				PRODUCT_BUNDLE_IDENTIFIER = ghislainvachet.spinnerTests;
				PRODUCT_NAME = "$(TARGET_NAME)";
				SWIFT_VERSION = 5.0;
				TARGETED_DEVICE_FAMILY = "1,2";
				TEST_HOST = "$(BUILT_PRODUCTS_DIR)/spinner.app/spinner";
			};
			name = Release;
		};
		BD1D5E9626F3303C0095C0EF /* Debug */ = {
			isa = XCBuildConfiguration;
			buildSettings = {
				ALWAYS_EMBED_SWIFT_STANDARD_LIBRARIES = YES;
				CODE_SIGN_STYLE = Automatic;
				INFOPLIST_FILE = spinnerUITests/Info.plist;
				LD_RUNPATH_SEARCH_PATHS = (
					"$(inherited)",
					"@executable_path/Frameworks",
					"@loader_path/Frameworks",
				);
				PRODUCT_BUNDLE_IDENTIFIER = ghislainvachet.spinnerUITests;
				PRODUCT_NAME = "$(TARGET_NAME)";
				SWIFT_VERSION = 5.0;
				TARGETED_DEVICE_FAMILY = "1,2";
				TEST_TARGET_NAME = spinner;
			};
			name = Debug;
		};
		BD1D5E9726F3303C0095C0EF /* Release */ = {
			isa = XCBuildConfiguration;
			buildSettings = {
				ALWAYS_EMBED_SWIFT_STANDARD_LIBRARIES = YES;
				CODE_SIGN_STYLE = Automatic;
				INFOPLIST_FILE = spinnerUITests/Info.plist;
				LD_RUNPATH_SEARCH_PATHS = (
					"$(inherited)",
					"@executable_path/Frameworks",
					"@loader_path/Frameworks",
				);
				PRODUCT_BUNDLE_IDENTIFIER = ghislainvachet.spinnerUITests;
				PRODUCT_NAME = "$(TARGET_NAME)";
				SWIFT_VERSION = 5.0;
				TARGETED_DEVICE_FAMILY = "1,2";
				TEST_TARGET_NAME = spinner;
			};
			name = Release;
		};
/* End XCBuildConfiguration section */

/* Begin XCConfigurationList section */
		BD1D5E6526F330390095C0EF /* Build configuration list for PBXProject "spinner" */ = {
			isa = XCConfigurationList;
			buildConfigurations = (
				BD1D5E8D26F3303C0095C0EF /* Debug */,
				BD1D5E8E26F3303C0095C0EF /* Release */,
			);
			defaultConfigurationIsVisible = 0;
			defaultConfigurationName = Release;
		};
		BD1D5E8F26F3303C0095C0EF /* Build configuration list for PBXNativeTarget "spinner" */ = {
			isa = XCConfigurationList;
			buildConfigurations = (
				BD1D5E9026F3303C0095C0EF /* Debug */,
				BD1D5E9126F3303C0095C0EF /* Release */,
			);
			defaultConfigurationIsVisible = 0;
			defaultConfigurationName = Release;
		};
		BD1D5E9226F3303C0095C0EF /* Build configuration list for PBXNativeTarget "spinnerTests" */ = {
			isa = XCConfigurationList;
			buildConfigurations = (
				BD1D5E9326F3303C0095C0EF /* Debug */,
				BD1D5E9426F3303C0095C0EF /* Release */,
			);
			defaultConfigurationIsVisible = 0;
			defaultConfigurationName = Release;
		};
		BD1D5E9526F3303C0095C0EF /* Build configuration list for PBXNativeTarget "spinnerUITests" */ = {
			isa = XCConfigurationList;
			buildConfigurations = (
				BD1D5E9626F3303C0095C0EF /* Debug */,
				BD1D5E9726F3303C0095C0EF /* Release */,
			);
			defaultConfigurationIsVisible = 0;
			defaultConfigurationName = Release;
		};
/* End XCConfigurationList section */
	};
	rootObject = BD1D5E6226F330390095C0EF /* Project object */;
}
